
Microsoft Visual Studio Solution File, Format Version 12.00
# Visual Studio Version 17
VisualStudioVersion = 17.14.36119.2 d17.14
MinimumVisualStudioVersion = 10.0.40219.1
Project("{FAE04EC0-301F-11D3-BF4B-00C04F79EFBC}") = "ilkSinifUygulamam", "ilkSinifUygulamam\ilkSinifUygulamam.csproj", "{283F2EC2-7239-4A86-9BEF-D71EA9F865C1}"
EndProject
Global
	GlobalSection(SolutionConfigurationPlatforms) = preSolution
		Debug|Any CPU = Debug|Any CPU
		Release|Any CPU = Release|Any CPU
	EndGlobalSection
	GlobalSection(ProjectConfigurationPlatforms) = postSolution
		{283F2EC2-7239-4A86-9BEF-D71EA9F865C1}.Debug|Any CPU.ActiveCfg = Debug|Any CPU
		{283F2EC2-7239-4A86-9BEF-D71EA9F865C1}.Debug|Any CPU.Build.0 = Debug|Any CPU
		{283F2EC2-7239-4A86-9BEF-D71EA9F865C1}.Release|Any CPU.ActiveCfg = Release|Any CPU
		{283F2EC2-7239-4A86-9BEF-D71EA9F865C1}.Release|Any CPU.Build.0 = Release|Any CPU
	EndGlobalSection
	GlobalSection(SolutionProperties) = preSolution
		HideSolutionNode = FALSE
	EndGlobalSection
	GlobalSection(ExtensibilityGlobals) = postSolution
		SolutionGuid = {69CA984E-A36E-4BA1-86BD-1F70855791EE}
	EndGlobalSection
EndGlobal
